{
  "nodes": {
    "nixpkgs": {
      "locked": {
        "lastModified": 1688049487,
        "narHash": "sha256-100g4iaKC9MalDjUW9iN6Jl/OocTDtXdeAj7pEGIRh4=",
        "path": "/nix/store/xpnpp1sq0gmzf72r0iy2ky6r4h4i6vvb-source",
        "rev": "4bc72cae107788bf3f24f30db2e2f685c9298dc9",
        "type": "path"
      },
      "original": {
        "id": "nixpkgs",
        "type": "indirect"
      }
    },
    "root": {
      "inputs": {
        "nixpkgs": "nixpkgs"
      }
    }
  },
  "root": "root",
  "version": 7
}
